{
  "version": 4,
  "terraform_version": "1.3.0",
  "serial": 57,
  "lineage": "842ab499-3270-37e7-9cdf-aefcb1290e6f",
  "outputs": {},
  "resources": [
    {
      "module": "module.public_content",
      "mode": "managed",
      "type": "aws_s3_bucket",
      "name": "buckets",
      "provider": "provider[\"registry.terraform.io/hashicorp/aws\"]",
      "instances": [
        {
          "index_key": "0",
          "schema_version": 0,
          "attributes": {
            "acceleration_status": "",
            "acl": null,
            "arn": "arn:aws:s3:::ashgw-blog-public-general",
            "bucket": "ashgw-blog-public-general",
            "bucket_domain_name": "ashgw-blog-public-general.s3.amazonaws.com",
            "bucket_prefix": "",
            "bucket_regional_domain_name": "ashgw-blog-public-general.s3.us-east-2.amazonaws.com",
            "cors_rule": [
              {
                "allowed_headers": [
                  "*"
                ],
                "allowed_methods": [
                  "GET",
                  "HEAD"
                ],
                "allowed_origins": [
                  "*"
                ],
                "expose_headers": [
                  "ETag"
                ],
                "max_age_seconds": 3000
              }
            ],
            "force_destroy": false,
            "grant": [
              {
                "id": "",
                "permissions": [
                  "READ"
                ],
                "type": "Group",
                "uri": "http://acs.amazonaws.com/groups/global/AllUsers"
              },
              {
                "id": "e420affff348dc73cd2e823658c3fbe2bcfda717547ca27db9df24c350f45e75",
                "permissions": [
                  "FULL_CONTROL"
                ],
                "type": "CanonicalUser",
                "uri": ""
              }
            ],
            "hosted_zone_id": "Z2O1EMRO9K5GLX",
            "id": "ashgw-blog-public-general",
            "lifecycle_rule": [],
            "logging": [],
            "object_lock_configuration": [],
            "object_lock_enabled": false,
            "policy": "{\"Statement\":[{\"Action\":\"s3:ListBucket\",\"Effect\":\"Allow\",\"Principal\":\"*\",\"Resource\":\"arn:aws:s3:::ashgw-blog-public-general\",\"Sid\":\"PublicListBucket\"},{\"Action\":\"s3:GetObject\",\"Effect\":\"Allow\",\"Principal\":\"*\",\"Resource\":\"arn:aws:s3:::ashgw-blog-public-general/*\",\"Sid\":\"PublicGetObject\"}],\"Version\":\"2012-10-17\"}",
            "region": "us-east-2",
            "replication_configuration": [],
            "request_payer": "BucketOwner",
            "server_side_encryption_configuration": [
              {
                "rule": [
                  {
                    "apply_server_side_encryption_by_default": [
                      {
                        "kms_master_key_id": "",
                        "sse_algorithm": "AES256"
                      }
                    ],
                    "bucket_key_enabled": false
                  }
                ]
              }
            ],
            "tags": {},
            "tags_all": {},
            "timeouts": null,
            "versioning": [
              {
                "enabled": false,
                "mfa_delete": false
              }
            ],
            "website": [],
            "website_domain": null,
            "website_endpoint": null
          },
          "sensitive_attributes": [],
          "private": "eyJlMmJmYjczMC1lY2FhLTExZTYtOGY4OC0zNDM2M2JjN2M0YzAiOnsiY3JlYXRlIjoxMjAwMDAwMDAwMDAwLCJkZWxldGUiOjM2MDAwMDAwMDAwMDAsInJlYWQiOjEyMDAwMDAwMDAwMDAsInVwZGF0ZSI6MTIwMDAwMDAwMDAwMH19"
        },
        {
          "index_key": "1",
          "schema_version": 0,
          "attributes": {
            "acceleration_status": "",
            "acl": null,
            "arn": "arn:aws:s3:::ashgw-blog-public-images",
            "bucket": "ashgw-blog-public-images",
            "bucket_domain_name": "ashgw-blog-public-images.s3.amazonaws.com",
            "bucket_prefix": "",
            "bucket_regional_domain_name": "ashgw-blog-public-images.s3.us-east-2.amazonaws.com",
            "cors_rule": [
              {
                "allowed_headers": [
                  "*"
                ],
                "allowed_methods": [
                  "GET",
                  "HEAD"
                ],
                "allowed_origins": [
                  "*"
                ],
                "expose_headers": [
                  "ETag"
                ],
                "max_age_seconds": 3000
              }
            ],
            "force_destroy": false,
            "grant": [
              {
                "id": "",
                "permissions": [
                  "READ"
                ],
                "type": "Group",
                "uri": "http://acs.amazonaws.com/groups/global/AllUsers"
              },
              {
                "id": "e420affff348dc73cd2e823658c3fbe2bcfda717547ca27db9df24c350f45e75",
                "permissions": [
                  "FULL_CONTROL"
                ],
                "type": "CanonicalUser",
                "uri": ""
              }
            ],
            "hosted_zone_id": "Z2O1EMRO9K5GLX",
            "id": "ashgw-blog-public-images",
            "lifecycle_rule": [],
            "logging": [],
            "object_lock_configuration": [],
            "object_lock_enabled": false,
            "policy": "{\"Statement\":[{\"Action\":\"s3:ListBucket\",\"Effect\":\"Allow\",\"Principal\":\"*\",\"Resource\":\"arn:aws:s3:::ashgw-blog-public-images\",\"Sid\":\"PublicListBucket\"},{\"Action\":\"s3:GetObject\",\"Effect\":\"Allow\",\"Principal\":\"*\",\"Resource\":\"arn:aws:s3:::ashgw-blog-public-images/*\",\"Sid\":\"PublicGetObject\"}],\"Version\":\"2012-10-17\"}",
            "region": "us-east-2",
            "replication_configuration": [],
            "request_payer": "BucketOwner",
            "server_side_encryption_configuration": [
              {
                "rule": [
                  {
                    "apply_server_side_encryption_by_default": [
                      {
                        "kms_master_key_id": "",
                        "sse_algorithm": "AES256"
                      }
                    ],
                    "bucket_key_enabled": false
                  }
                ]
              }
            ],
            "tags": {},
            "tags_all": {},
            "timeouts": null,
            "versioning": [
              {
                "enabled": false,
                "mfa_delete": false
              }
            ],
            "website": [],
            "website_domain": null,
            "website_endpoint": null
          },
          "sensitive_attributes": [],
          "private": "eyJlMmJmYjczMC1lY2FhLTExZTYtOGY4OC0zNDM2M2JjN2M0YzAiOnsiY3JlYXRlIjoxMjAwMDAwMDAwMDAwLCJkZWxldGUiOjM2MDAwMDAwMDAwMDAsInJlYWQiOjEyMDAwMDAwMDAwMDAsInVwZGF0ZSI6MTIwMDAwMDAwMDAwMH19"
        }
      ]
    },
    {
      "module": "module.public_content",
      "mode": "managed",
      "type": "aws_s3_bucket_acl",
      "name": "buckets",
      "provider": "provider[\"registry.terraform.io/hashicorp/aws\"]",
      "instances": [
        {
          "index_key": "0",
          "schema_version": 0,
          "attributes": {
            "access_control_policy": [
              {
                "grant": [
                  {
                    "grantee": [
                      {
                        "display_name": "",
                        "email_address": "",
                        "id": "",
                        "type": "Group",
                        "uri": "http://acs.amazonaws.com/groups/global/AllUsers"
                      }
                    ],
                    "permission": "READ"
                  },
                  {
                    "grantee": [
                      {
                        "display_name": "",
                        "email_address": "",
                        "id": "e420affff348dc73cd2e823658c3fbe2bcfda717547ca27db9df24c350f45e75",
                        "type": "CanonicalUser",
                        "uri": ""
                      }
                    ],
                    "permission": "FULL_CONTROL"
                  }
                ],
                "owner": [
                  {
                    "display_name": "",
                    "id": "e420affff348dc73cd2e823658c3fbe2bcfda717547ca27db9df24c350f45e75"
                  }
                ]
              }
            ],
            "acl": "public-read",
            "bucket": "ashgw-blog-public-general",
            "expected_bucket_owner": "",
            "id": "ashgw-blog-public-general,public-read"
          },
          "sensitive_attributes": [],
          "private": "bnVsbA==",
          "dependencies": [
            "module.public_content.aws_s3_bucket.buckets",
            "module.public_content.aws_s3_bucket_ownership_controls.s3_bucket_acl_ownership",
            "module.public_content.aws_s3_bucket_public_access_block.a_block"
          ]
        },
        {
          "index_key": "1",
          "schema_version": 0,
          "attributes": {
            "access_control_policy": [
              {
                "grant": [
                  {
                    "grantee": [
                      {
                        "display_name": "",
                        "email_address": "",
                        "id": "",
                        "type": "Group",
                        "uri": "http://acs.amazonaws.com/groups/global/AllUsers"
                      }
                    ],
                    "permission": "READ"
                  },
                  {
                    "grantee": [
                      {
                        "display_name": "",
                        "email_address": "",
                        "id": "e420affff348dc73cd2e823658c3fbe2bcfda717547ca27db9df24c350f45e75",
                        "type": "CanonicalUser",
                        "uri": ""
                      }
                    ],
                    "permission": "FULL_CONTROL"
                  }
                ],
                "owner": [
                  {
                    "display_name": "",
                    "id": "e420affff348dc73cd2e823658c3fbe2bcfda717547ca27db9df24c350f45e75"
                  }
                ]
              }
            ],
            "acl": "public-read",
            "bucket": "ashgw-blog-public-images",
            "expected_bucket_owner": "",
            "id": "ashgw-blog-public-images,public-read"
          },
          "sensitive_attributes": [],
          "private": "bnVsbA==",
          "dependencies": [
            "module.public_content.aws_s3_bucket.buckets",
            "module.public_content.aws_s3_bucket_ownership_controls.s3_bucket_acl_ownership",
            "module.public_content.aws_s3_bucket_public_access_block.a_block"
          ]
        }
      ]
    },
    {
      "module": "module.public_content",
      "mode": "managed",
      "type": "aws_s3_bucket_cors_configuration",
      "name": "buckets",
      "provider": "provider[\"registry.terraform.io/hashicorp/aws\"]",
      "instances": [
        {
          "index_key": "0",
          "schema_version": 0,
          "attributes": {
            "bucket": "ashgw-blog-public-general",
            "cors_rule": [
              {
                "allowed_headers": [
                  "*"
                ],
                "allowed_methods": [
                  "GET",
                  "HEAD"
                ],
                "allowed_origins": [
                  "*"
                ],
                "expose_headers": [
                  "ETag"
                ],
                "id": "",
                "max_age_seconds": 3000
              }
            ],
            "expected_bucket_owner": "",
            "id": "ashgw-blog-public-general"
          },
          "sensitive_attributes": [],
          "private": "bnVsbA==",
          "dependencies": [
            "module.public_content.aws_s3_bucket.buckets"
          ]
        },
        {
          "index_key": "1",
          "schema_version": 0,
          "attributes": {
            "bucket": "ashgw-blog-public-images",
            "cors_rule": [
              {
                "allowed_headers": [
                  "*"
                ],
                "allowed_methods": [
                  "GET",
                  "HEAD"
                ],
                "allowed_origins": [
                  "*"
                ],
                "expose_headers": [
                  "ETag"
                ],
                "id": "",
                "max_age_seconds": 3000
              }
            ],
            "expected_bucket_owner": "",
            "id": "ashgw-blog-public-images"
          },
          "sensitive_attributes": [],
          "private": "bnVsbA==",
          "dependencies": [
            "module.public_content.aws_s3_bucket.buckets"
          ]
        }
      ]
    },
    {
      "module": "module.public_content",
      "mode": "managed",
      "type": "aws_s3_bucket_ownership_controls",
      "name": "s3_bucket_acl_ownership",
      "provider": "provider[\"registry.terraform.io/hashicorp/aws\"]",
      "instances": [
        {
          "index_key": "0",
          "schema_version": 0,
          "attributes": {
            "bucket": "ashgw-blog-public-general",
            "id": "ashgw-blog-public-general",
            "rule": [
              {
                "object_ownership": "BucketOwnerPreferred"
              }
            ]
          },
          "sensitive_attributes": [],
          "private": "bnVsbA==",
          "dependencies": [
            "module.public_content.aws_s3_bucket.buckets",
            "module.public_content.aws_s3_bucket_public_access_block.a_block"
          ]
        },
        {
          "index_key": "1",
          "schema_version": 0,
          "attributes": {
            "bucket": "ashgw-blog-public-images",
            "id": "ashgw-blog-public-images",
            "rule": [
              {
                "object_ownership": "BucketOwnerPreferred"
              }
            ]
          },
          "sensitive_attributes": [],
          "private": "bnVsbA==",
          "dependencies": [
            "module.public_content.aws_s3_bucket.buckets",
            "module.public_content.aws_s3_bucket_public_access_block.a_block"
          ]
        }
      ]
    },
    {
      "module": "module.public_content",
      "mode": "managed",
      "type": "aws_s3_bucket_policy",
      "name": "prod",
      "provider": "provider[\"registry.terraform.io/hashicorp/aws\"]",
      "instances": [
        {
          "index_key": "0",
          "schema_version": 0,
          "attributes": {
            "bucket": "ashgw-blog-public-general",
            "id": "ashgw-blog-public-general",
            "policy": "{\"Statement\":[{\"Action\":[\"s3:ListBucket\"],\"Effect\":\"Allow\",\"Principal\":\"*\",\"Resource\":[\"arn:aws:s3:::ashgw-blog-public-general\"],\"Sid\":\"PublicListBucket\"},{\"Action\":[\"s3:GetObject\"],\"Effect\":\"Allow\",\"Principal\":\"*\",\"Resource\":[\"arn:aws:s3:::ashgw-blog-public-general/*\"],\"Sid\":\"PublicGetObject\"}],\"Version\":\"2012-10-17\"}"
          },
          "sensitive_attributes": [],
          "private": "bnVsbA==",
          "dependencies": [
            "module.public_content.aws_s3_bucket.buckets",
            "module.public_content.aws_s3_bucket_public_access_block.a_block"
          ]
        },
        {
          "index_key": "1",
          "schema_version": 0,
          "attributes": {
            "bucket": "ashgw-blog-public-images",
            "id": "ashgw-blog-public-images",
            "policy": "{\"Statement\":[{\"Action\":[\"s3:ListBucket\"],\"Effect\":\"Allow\",\"Principal\":\"*\",\"Resource\":[\"arn:aws:s3:::ashgw-blog-public-images\"],\"Sid\":\"PublicListBucket\"},{\"Action\":[\"s3:GetObject\"],\"Effect\":\"Allow\",\"Principal\":\"*\",\"Resource\":[\"arn:aws:s3:::ashgw-blog-public-images/*\"],\"Sid\":\"PublicGetObject\"}],\"Version\":\"2012-10-17\"}"
          },
          "sensitive_attributes": [],
          "private": "bnVsbA==",
          "dependencies": [
            "module.public_content.aws_s3_bucket.buckets",
            "module.public_content.aws_s3_bucket_public_access_block.a_block"
          ]
        }
      ]
    },
    {
      "module": "module.public_content",
      "mode": "managed",
      "type": "aws_s3_bucket_public_access_block",
      "name": "a_block",
      "provider": "provider[\"registry.terraform.io/hashicorp/aws\"]",
      "instances": [
        {
          "index_key": "0",
          "schema_version": 0,
          "attributes": {
            "block_public_acls": false,
            "block_public_policy": false,
            "bucket": "ashgw-blog-public-general",
            "id": "ashgw-blog-public-general",
            "ignore_public_acls": false,
            "restrict_public_buckets": false
          },
          "sensitive_attributes": [],
          "private": "bnVsbA==",
          "dependencies": [
            "module.public_content.aws_s3_bucket.buckets"
          ]
        },
        {
          "index_key": "1",
          "schema_version": 0,
          "attributes": {
            "block_public_acls": false,
            "block_public_policy": false,
            "bucket": "ashgw-blog-public-images",
            "id": "ashgw-blog-public-images",
            "ignore_public_acls": false,
            "restrict_public_buckets": false
          },
          "sensitive_attributes": [],
          "private": "bnVsbA==",
          "dependencies": [
            "module.public_content.aws_s3_bucket.buckets"
          ]
        }
      ]
    }
  ],
  "check_results": null
}
