{
  "version": 4,
  "terraform_version": "1.3.0",
  "serial": 3,
  "lineage": "e420b726-94bb-4962-dd32-1bb72fddce90",
  "outputs": {
    "project_id": {
      "value": "falling-water-50526516",
      "type": "string"
    }
  },
  "resources": [
    {
      "mode": "managed",
      "type": "neon_branch",
      "name": "development",
      "provider": "provider[\"registry.terraform.io/kislerdm/neon\"]",
      "instances": []
    },
    {
      "mode": "managed",
      "type": "neon_branch",
      "name": "preview",
      "provider": "provider[\"registry.terraform.io/kislerdm/neon\"]",
      "instances": []
    },
    {
      "mode": "managed",
      "type": "neon_database",
      "name": "dev_db",
      "provider": "provider[\"registry.terraform.io/kislerdm/neon\"]",
      "instances": []
    },
    {
      "mode": "managed",
      "type": "neon_database",
      "name": "preview_db",
      "provider": "provider[\"registry.terraform.io/kislerdm/neon\"]",
      "instances": []
    },
    {
      "mode": "managed",
      "type": "neon_database",
      "name": "prod_db",
      "provider": "provider[\"registry.terraform.io/kislerdm/neon\"]",
      "instances": []
    },
    {
      "mode": "managed",
      "type": "neon_project",
      "name": "main",
      "provider": "provider[\"registry.terraform.io/kislerdm/neon\"]",
      "instances": [
        {
          "schema_version": 11,
          "attributes": {
            "allowed_ips": null,
            "allowed_ips_protected_branches_only": null,
            "branch": [
              {
                "database_name": "neondb",
                "id": "br-tight-poetry-a5v3zhvm",
                "name": "main",
                "role_name": "neondb_owner"
              }
            ],
            "compute_provisioner": "k8s-neonvm",
            "connection_uri": "postgres://neondb_owner:npg_QBHJ6Neitc0j@ep-dawn-sky-a5t1d3u5.us-east-2.aws.neon.tech/neondb?sslmode=require",
            "connection_uri_pooler": "postgres://neondb_owner:npg_QBHJ6Neitc0j@ep-dawn-sky-a5t1d3u5-pooler.us-east-2.aws.neon.tech/neondb?sslmode=require",
            "database_host": "ep-dawn-sky-a5t1d3u5.us-east-2.aws.neon.tech",
            "database_host_pooler": "ep-dawn-sky-a5t1d3u5-pooler.us-east-2.aws.neon.tech",
            "database_name": "neondb",
            "database_password": "npg_QBHJ6Neitc0j",
            "database_user": "neondb_owner",
            "default_branch_id": "br-tight-poetry-a5v3zhvm",
            "default_endpoint_id": "ep-dawn-sky-a5t1d3u5",
            "default_endpoint_settings": [
              {
                "autoscaling_limit_max_cu": 0.25,
                "autoscaling_limit_min_cu": 0.25,
                "id": "ep-dawn-sky-a5t1d3u5",
                "suspend_timeout_seconds": 0
              }
            ],
            "enable_logical_replication": null,
            "history_retention_seconds": 86400,
            "id": "falling-water-50526516",
            "name": "ashgw-project",
            "org_id": null,
            "pg_version": 17,
            "quota": [
              {
                "active_time_seconds": null,
                "compute_time_seconds": null,
                "data_transfer_bytes": null,
                "logical_size_bytes": null,
                "written_data_bytes": null
              }
            ],
            "region_id": "aws-us-east-2",
            "store_password": "yes"
          },
          "sensitive_attributes": [],
          "private": "eyJzY2hlbWFfdmVyc2lvbiI6IjExIn0="
        }
      ]
    }
  ],
  "check_results": []
}
